
Microsoft Visual Studio Solution File, Format Version 12.00
# Visual Studio Version 17
VisualStudioVersion = 17.5.33530.505
MinimumVisualStudioVersion = 10.0.40219.1
Project("{FAE04EC0-301F-11D3-BF4B-00C04F79EFBC}") = "Güvelik_Dogrulamasi", "Güvelik_Dogrulamasi\Güvelik_Dogrulamasi.csproj", "{17CF0E52-58D2-4972-9544-2FFE45D57C39}"
EndProject
Global
	GlobalSection(SolutionConfigurationPlatforms) = preSolution
		Debug|Any CPU = Debug|Any CPU
		Release|Any CPU = Release|Any CPU
	EndGlobalSection
	GlobalSection(ProjectConfigurationPlatforms) = postSolution
		{17CF0E52-58D2-4972-9544-2FFE45D57C39}.Debug|Any CPU.ActiveCfg = Debug|Any CPU
		{17CF0E52-58D2-4972-9544-2FFE45D57C39}.Debug|Any CPU.Build.0 = Debug|Any CPU
		{17CF0E52-58D2-4972-9544-2FFE45D57C39}.Release|Any CPU.ActiveCfg = Release|Any CPU
		{17CF0E52-58D2-4972-9544-2FFE45D57C39}.Release|Any CPU.Build.0 = Release|Any CPU
	EndGlobalSection
	GlobalSection(SolutionProperties) = preSolution
		HideSolutionNode = FALSE
	EndGlobalSection
	GlobalSection(ExtensibilityGlobals) = postSolution
		SolutionGuid = {B22D7EBE-CF5A-4E42-BB9D-E081494AF5A2}
	EndGlobalSection
EndGlobal
